// !$*UTF8*$!
{
	archiveVersion = 1;
	classes = {
	};
	objectVersion = 56;
	objects = {

/* Begin PBXBuildFile section */
		16A6351AD3FAD026E6A1CED7 /* USBClient.swift in Sources */ = {isa = PBXBuildFile; fileRef = C9641C8D2700B0E524B2B05F /* USBClient.swift */; };
		8831B87BCDDDE65DB85AC79D /* MetalRenderer.swift in Sources */ = {isa = PBXBuildFile; fileRef = 59B2289297FFA6B3E3B1A14F /* MetalRenderer.swift */; };
		A4A74AC2C4E0D118E38E9D0C /* ContentView.swift in Sources */ = {isa = PBXBuildFile; fileRef = EF7B83FACABA683AD1A85C27 /* ContentView.swift */; };
		A93957AAD78C244B8A6B79F8 /* App.swift in Sources */ = {isa = PBXBuildFile; fileRef = 6058DC861B44C94E672E1239 /* App.swift */; };
		C3FF7AFA8C956654F57268E9 /* VideoDecoder.swift in Sources */ = {isa = PBXBuildFile; fileRef = C2287DDC26399E2796820D35 /* VideoDecoder.swift */; };
		D79E611D41DBE4E9C7DD69EE /* USBPacket.swift in Sources */ = {isa = PBXBuildFile; fileRef = 84E1A8EB59436992EEF34DA7 /* USBPacket.swift */; };
		F4A5A2AC01FFC4676E408795 /* Shaders.metal in Sources */ = {isa = PBXBuildFile; fileRef = 31BE30C360EB1E453552CB5F /* Shaders.metal */; };
/* End PBXBuildFile section */

/* Begin PBXFileReference section */
		31BE30C360EB1E453552CB5F /* Shaders.metal */ = {isa = PBXFileReference; lastKnownFileType = sourcecode.metal; path = Shaders.metal; sourceTree = "<group>"; };
		59B2289297FFA6B3E3B1A14F /* MetalRenderer.swift */ = {isa = PBXFileReference; lastKnownFileType = sourcecode.swift; path = MetalRenderer.swift; sourceTree = "<group>"; };
		6058DC861B44C94E672E1239 /* App.swift */ = {isa = PBXFileReference; lastKnownFileType = sourcecode.swift; path = App.swift; sourceTree = "<group>"; };
		84E1A8EB59436992EEF34DA7 /* USBPacket.swift */ = {isa = PBXFileReference; lastKnownFileType = sourcecode.swift; name = USBPacket.swift; path = ../../Shared/USBPacket.swift; sourceTree = "<group>"; };
		8F80F2029C71F997171C51A7 /* vrOSReceiver.app */ = {isa = PBXFileReference; explicitFileType = wrapper.application; includeInIndex = 0; path = vrOSReceiver.app; sourceTree = BUILT_PRODUCTS_DIR; };
		C2287DDC26399E2796820D35 /* VideoDecoder.swift */ = {isa = PBXFileReference; lastKnownFileType = sourcecode.swift; path = VideoDecoder.swift; sourceTree = "<group>"; };
		C9641C8D2700B0E524B2B05F /* USBClient.swift */ = {isa = PBXFileReference; lastKnownFileType = sourcecode.swift; path = USBClient.swift; sourceTree = "<group>"; };
		EF7B83FACABA683AD1A85C27 /* ContentView.swift */ = {isa = PBXFileReference; lastKnownFileType = sourcecode.swift; path = ContentView.swift; sourceTree = "<group>"; };
/* End PBXFileReference section */

/* Begin PBXFrameworksBuildPhase section */
		C507DDF315C3CCEDDE7D6887 /* Frameworks */ = {
			isa = PBXFrameworksBuildPhase;
			buildActionMask = 2147483647;
			files = (
			);
			runOnlyForDeploymentPostprocessing = 0;
		};
/* End PBXFrameworksBuildPhase section */

/* Begin PBXGroup section */
		646615E93640067544327376 /* Shared */ = {
			isa = PBXGroup;
			children = (
				84E1A8EB59436992EEF34DA7 /* USBPacket.swift */,
			);
			name = Shared;
			sourceTree = "<group>";
		};
		77FC5E5F65879949490076AC /* Networking */ = {
			isa = PBXGroup;
			children = (
				C9641C8D2700B0E524B2B05F /* USBClient.swift */,
			);
			path = Networking;
			sourceTree = "<group>";
		};
		7FA0F95A5CEA178090CBE70C = {
			isa = PBXGroup;
			children = (
				8AAF3D06C0BFE19A9E13387F /* vrOSReceiver */,
				82348BA366353D50C6C4AD81 /* Products */,
			);
			sourceTree = "<group>";
		};
		82348BA366353D50C6C4AD81 /* Products */ = {
			isa = PBXGroup;
			children = (
				8F80F2029C71F997171C51A7 /* vrOSReceiver.app */,
			);
			name = Products;
			sourceTree = "<group>";
		};
		8AAF3D06C0BFE19A9E13387F /* vrOSReceiver */ = {
			isa = PBXGroup;
			children = (
				6058DC861B44C94E672E1239 /* App.swift */,
				EF7B83FACABA683AD1A85C27 /* ContentView.swift */,
				BE86E423CE7AF90E03EACCD4 /* Decoder */,
				77FC5E5F65879949490076AC /* Networking */,
				967ABBE371A6C33ACD1F068B /* Renderer */,
				646615E93640067544327376 /* Shared */,
			);
			path = vrOSReceiver;
			sourceTree = "<group>";
		};
		967ABBE371A6C33ACD1F068B /* Renderer */ = {
			isa = PBXGroup;
			children = (
				59B2289297FFA6B3E3B1A14F /* MetalRenderer.swift */,
				31BE30C360EB1E453552CB5F /* Shaders.metal */,
			);
			path = Renderer;
			sourceTree = "<group>";
		};
		BE86E423CE7AF90E03EACCD4 /* Decoder */ = {
			isa = PBXGroup;
			children = (
				C2287DDC26399E2796820D35 /* VideoDecoder.swift */,
			);
			path = Decoder;
			sourceTree = "<group>";
		};
/* End PBXGroup section */

/* Begin PBXNativeTarget section */
		9D197D021B79DAB968581211 /* vrOSReceiver */ = {
			isa = PBXNativeTarget;
			buildConfigurationList = 290F2E474674384541CBBB23 /* Build configuration list for PBXNativeTarget "vrOSReceiver" */;
			buildPhases = (
				E0305C3C714ED4700E42747E /* Sources */,
				C507DDF315C3CCEDDE7D6887 /* Frameworks */,
				1DFA1D1BA3F9F348E53C96F9 /* Resources */,
			);
			buildRules = (
			);
			dependencies = (
			);
			name = vrOSReceiver;
			productName = vrOSReceiver;
			productReference = 8F80F2029C71F997171C51A7 /* vrOSReceiver.app */;
			productType = "com.apple.product-type.application";
		};
/* End PBXNativeTarget section */

/* Begin PBXProject section */
		6FBA493CAF696493623565AF /* Project object */ = {
			isa = PBXProject;
			attributes = {
				BuildIndependentTargetsInParallel = 1;
				LastSwiftUpdateCheck = 1500;
				LastUpgradeCheck = 2660;
				TargetAttributes = {
					9D197D021B79DAB968581211 = {
						CreatedOnToolsVersion = 15.0;
						ProvisioningStyle = Automatic;
					};
				};
			};
			buildConfigurationList = 15B54AF161B965B0665E8091 /* Build configuration list for PBXProject "vrOSReceiver" */;
			compatibilityVersion = "Xcode 14.0";
			developmentRegion = en;
			hasScannedForEncodings = 0;
			knownRegions = (
				en,
				Base,
			);
			mainGroup = 7FA0F95A5CEA178090CBE70C;
			projectDirPath = "";
			projectRoot = "";
			targets = (
				9D197D021B79DAB968581211 /* vrOSReceiver */,
			);
		};
/* End PBXProject section */

/* Begin PBXResourcesBuildPhase section */
		1DFA1D1BA3F9F348E53C96F9 /* Resources */ = {
			isa = PBXResourcesBuildPhase;
			buildActionMask = 2147483647;
			files = (
			);
			runOnlyForDeploymentPostprocessing = 0;
		};
/* End PBXResourcesBuildPhase section */

/* Begin PBXSourcesBuildPhase section */
		E0305C3C714ED4700E42747E /* Sources */ = {
			isa = PBXSourcesBuildPhase;
			buildActionMask = 2147483647;
			files = (
				A93957AAD78C244B8A6B79F8 /* App.swift in Sources */,
				A4A74AC2C4E0D118E38E9D0C /* ContentView.swift in Sources */,
				C3FF7AFA8C956654F57268E9 /* VideoDecoder.swift in Sources */,
				16A6351AD3FAD026E6A1CED7 /* USBClient.swift in Sources */,
				8831B87BCDDDE65DB85AC79D /* MetalRenderer.swift in Sources */,
				F4A5A2AC01FFC4676E408795 /* Shaders.metal in Sources */,
				D79E611D41DBE4E9C7DD69EE /* USBPacket.swift in Sources */,
			);
			runOnlyForDeploymentPostprocessing = 0;
		};
/* End PBXSourcesBuildPhase section */

/* Begin XCBuildConfiguration section */
		2319EE3EECAB0A41C1725BE5 /* Release */ = {
			isa = XCBuildConfiguration;
			buildSettings = {
				ALWAYS_SEARCH_USER_PATHS = NO;
				CLANG_ANALYZER_NONNULL = YES;
				CLANG_ANALYZER_NUMBER_OBJECT_CONVERSION = YES_AGGRESSIVE;
				CLANG_CXX_LANGUAGE_STANDARD = "gnu++20";
				CLANG_CXX_LIBRARY = "libc++";
				CLANG_ENABLE_MODULES = YES;
				CLANG_ENABLE_OBJC_ARC = YES;
				CLANG_ENABLE_OBJC_WEAK = YES;
				CLANG_WARN_BLOCK_CAPTURE_AUTORELEASING = YES;
				CLANG_WARN_BOOL_CONVERSION = YES;
				CLANG_WARN_COMMA = YES;
				CLANG_WARN_CONSTANT_CONVERSION = YES;
				CLANG_WARN_DEPRECATED_OBJC_IMPLEMENTATION = YES;
				CLANG_WARN_DEPRECATED_OBJC_IMPLEMENTATIONS = YES;
				CLANG_WARN_DIRECT_OBJC_ISA_USAGE = YES_ERROR;
				CLANG_WARN_DOCUMENTATION_COMMENTS = YES;
				CLANG_WARN_EMPTY_BODY = YES;
				CLANG_WARN_ENUM_CONVERSION = YES;
				CLANG_WARN_INFINITE_RECURSION = YES;
				CLANG_WARN_INT_CONVERSION = YES;
				CLANG_WARN_NON_LITERAL_NULL_CONVERSION = YES;
				CLANG_WARN_OBJC_IMPLICIT_RETAIN_SELF = YES;
				CLANG_WARN_OBJC_LITERAL_CONVERSION = YES;
				CLANG_WARN_OBJC_ROOT_CLASS = YES_ERROR;
				CLANG_WARN_QUOTED_INCLUDE_IN_FRAMEWORK_HEADER = YES;
				CLANG_WARN_RANGE_LOOP_ANALYSIS = YES;
				CLANG_WARN_STRICT_PROTOTYPES = YES;
				CLANG_WARN_SUSPICIOUS_MOVE = YES;
				CLANG_WARN_UNREACHABLE_CODE = YES;
				CLANG_WARN__DUPLICATE_METHOD_MATCH = YES;
				COPY_PHASE_STRIP = NO;
				DEBUG_INFORMATION_FORMAT = "dwarf-with-dsym";
				DEVELOPMENT_TEAM = ZM89DBVX2V;
				ENABLE_NS_ASSERTIONS = NO;
				ENABLE_STRICT_OBJC_MSGSEND = YES;
				ENABLE_USER_SCRIPT_SANDBOXING = YES;
				GCC_C_LANGUAGE_STANDARD = gnu17;
				GCC_DYNAMIC_NO_PIC = NO;
				GCC_NO_COMMON_BLOCKS = YES;
				GCC_OPTIMIZATION_LEVEL = s;
				GCC_WARN_64_TO_32_BIT_CONVERSION = YES;
				GCC_WARN_ABOUT_RETURN_TYPE = YES_ERROR;
				GCC_WARN_UNDECLARED_SELECTOR = YES;
				GCC_WARN_UNINITIALIZED_AUTOS = YES_AGGRESSIVE;
				GCC_WARN_UNUSED_FUNCTION = YES;
				GCC_WARN_UNUSED_VARIABLE = YES;
				MTL_ENABLE_DEBUG_INFO = NO;
				MTL_FAST_MATH = YES;
				SDKROOT = iphoneos;
				STRING_CATALOG_GENERATE_SYMBOLS = YES;
				SWIFT_COMPILATION_MODE = wholemodule;
				SWIFT_OPTIMIZATION_LEVEL = "-O";
			};
			name = Release;
		};
		CACAAC95587631379B7EC20B /* Debug */ = {
			isa = XCBuildConfiguration;
			buildSettings = {
				ALWAYS_SEARCH_USER_PATHS = NO;
				CLANG_ANALYZER_NONNULL = YES;
				CLANG_ANALYZER_NUMBER_OBJECT_CONVERSION = YES_AGGRESSIVE;
				CLANG_CXX_LANGUAGE_STANDARD = "gnu++20";
				CLANG_CXX_LIBRARY = "libc++";
				CLANG_ENABLE_MODULES = YES;
				CLANG_ENABLE_OBJC_ARC = YES;
				CLANG_ENABLE_OBJC_WEAK = YES;
				CLANG_WARN_BLOCK_CAPTURE_AUTORELEASING = YES;
				CLANG_WARN_BOOL_CONVERSION = YES;
				CLANG_WARN_COMMA = YES;
				CLANG_WARN_CONSTANT_CONVERSION = YES;
				CLANG_WARN_DEPRECATED_OBJC_IMPLEMENTATION = YES;
				CLANG_WARN_DEPRECATED_OBJC_IMPLEMENTATIONS = YES;
				CLANG_WARN_DIRECT_OBJC_ISA_USAGE = YES_ERROR;
				CLANG_WARN_DOCUMENTATION_COMMENTS = YES;
				CLANG_WARN_EMPTY_BODY = YES;
				CLANG_WARN_ENUM_CONVERSION = YES;
				CLANG_WARN_INFINITE_RECURSION = YES;
				CLANG_WARN_INT_CONVERSION = YES;
				CLANG_WARN_NON_LITERAL_NULL_CONVERSION = YES;
				CLANG_WARN_OBJC_IMPLICIT_RETAIN_SELF = YES;
				CLANG_WARN_OBJC_LITERAL_CONVERSION = YES;
				CLANG_WARN_OBJC_ROOT_CLASS = YES_ERROR;
				CLANG_WARN_QUOTED_INCLUDE_IN_FRAMEWORK_HEADER = YES;
				CLANG_WARN_RANGE_LOOP_ANALYSIS = YES;
				CLANG_WARN_STRICT_PROTOTYPES = YES;
				CLANG_WARN_SUSPICIOUS_MOVE = YES;
				CLANG_WARN_UNREACHABLE_CODE = YES;
				CLANG_WARN__DUPLICATE_METHOD_MATCH = YES;
				COPY_PHASE_STRIP = NO;
				DEBUG_INFORMATION_FORMAT = dwarf;
				DEVELOPMENT_TEAM = ZM89DBVX2V;
				ENABLE_STRICT_OBJC_MSGSEND = YES;
				ENABLE_TESTABILITY = YES;
				ENABLE_USER_SCRIPT_SANDBOXING = YES;
				GCC_C_LANGUAGE_STANDARD = gnu17;
				GCC_DYNAMIC_NO_PIC = NO;
				GCC_NO_COMMON_BLOCKS = YES;
				GCC_OPTIMIZATION_LEVEL = 0;
				GCC_PREPROCESSOR_DEFINITIONS = (
					"DEBUG=1",
					"$(inherited)",
				);
				GCC_WARN_64_TO_32_BIT_CONVERSION = YES;
				GCC_WARN_ABOUT_RETURN_TYPE = YES_ERROR;
				GCC_WARN_UNDECLARED_SELECTOR = YES;
				GCC_WARN_UNINITIALIZED_AUTOS = YES_AGGRESSIVE;
				GCC_WARN_UNUSED_FUNCTION = YES;
				GCC_WARN_UNUSED_VARIABLE = YES;
				MTL_ENABLE_DEBUG_INFO = INCLUDE_SOURCE;
				MTL_FAST_MATH = YES;
				ONLY_ACTIVE_ARCH = YES;
				SDKROOT = iphoneos;
				STRING_CATALOG_GENERATE_SYMBOLS = YES;
				SWIFT_ACTIVE_COMPILATION_CONDITIONS = "DEBUG $(inherited)";
				SWIFT_OPTIMIZATION_LEVEL = "-Onone";
			};
			name = Debug;
		};
		D7264761843EDEF2588E6178 /* Debug */ = {
			isa = XCBuildConfiguration;
			buildSettings = {
				ASSETCATALOG_COMPILER_APPICON_NAME = AppIcon;
				CODE_SIGN_STYLE = Automatic;
				INFOPLIST_FILE = vrOSReceiver/Info.plist;
				IPHONEOS_DEPLOYMENT_TARGET = 16.0;
				LD_RUNPATH_SEARCH_PATHS = (
					"$(inherited)",
					"@executable_path/Frameworks",
				);
				PRODUCT_BUNDLE_IDENTIFIER = com.vros.receiver;
				PRODUCT_NAME = "$(TARGET_NAME)";
				SWIFT_EMIT_LOC_STRINGS = YES;
				SWIFT_VERSION = 6.0;
				TARGETED_DEVICE_FAMILY = "1,2";
			};
			name = Debug;
		};
		E9855346475566E89BFE591E /* Release */ = {
			isa = XCBuildConfiguration;
			buildSettings = {
				ASSETCATALOG_COMPILER_APPICON_NAME = AppIcon;
				CODE_SIGN_STYLE = Automatic;
				INFOPLIST_FILE = vrOSReceiver/Info.plist;
				IPHONEOS_DEPLOYMENT_TARGET = 16.0;
				LD_RUNPATH_SEARCH_PATHS = (
					"$(inherited)",
					"@executable_path/Frameworks",
				);
				PRODUCT_BUNDLE_IDENTIFIER = com.vros.receiver;
				PRODUCT_NAME = "$(TARGET_NAME)";
				SWIFT_EMIT_LOC_STRINGS = YES;
				SWIFT_VERSION = 6.0;
				TARGETED_DEVICE_FAMILY = "1,2";
			};
			name = Release;
		};
/* End XCBuildConfiguration section */

/* Begin XCConfigurationList section */
		15B54AF161B965B0665E8091 /* Build configuration list for PBXProject "vrOSReceiver" */ = {
			isa = XCConfigurationList;
			buildConfigurations = (
				CACAAC95587631379B7EC20B /* Debug */,
				2319EE3EECAB0A41C1725BE5 /* Release */,
			);
			defaultConfigurationIsVisible = 0;
			defaultConfigurationName = Release;
		};
		290F2E474674384541CBBB23 /* Build configuration list for PBXNativeTarget "vrOSReceiver" */ = {
			isa = XCConfigurationList;
			buildConfigurations = (
				D7264761843EDEF2588E6178 /* Debug */,
				E9855346475566E89BFE591E /* Release */,
			);
			defaultConfigurationIsVisible = 0;
			defaultConfigurationName = Release;
		};
/* End XCConfigurationList section */
	};
	rootObject = 6FBA493CAF696493623565AF /* Project object */;
}
